
Microsoft Visual Studio Solution File, Format Version 12.00
Project("{FAE04EC0-301F-11D3-BF4B-00C04F79EFBC}") = "AI Services", "AI Services\AI Services.csproj", "{67DE8399-7AC8-42D8-B72D-011B0DFC1EC5}"
EndProject
Project("{FAE04EC0-301F-11D3-BF4B-00C04F79EFBC}") = "AIs", "AIs\AIs.csproj", "{4B8080C9-3818-43D4-9485-9C9EAED4E601}"
EndProject
Global
	GlobalSection(SolutionConfigurationPlatforms) = preSolution
		Debug|Any CPU = Debug|Any CPU
		Release|Any CPU = Release|Any CPU
	EndGlobalSection
	GlobalSection(ProjectConfigurationPlatforms) = postSolution
		{67DE8399-7AC8-42D8-B72D-011B0DFC1EC5}.Debug|Any CPU.ActiveCfg = Debug|Any CPU
		{67DE8399-7AC8-42D8-B72D-011B0DFC1EC5}.Debug|Any CPU.Build.0 = Debug|Any CPU
		{67DE8399-7AC8-42D8-B72D-011B0DFC1EC5}.Release|Any CPU.ActiveCfg = Release|Any CPU
		{67DE8399-7AC8-42D8-B72D-011B0DFC1EC5}.Release|Any CPU.Build.0 = Release|Any CPU
		{4B8080C9-3818-43D4-9485-9C9EAED4E601}.Debug|Any CPU.ActiveCfg = Debug|Any CPU
		{4B8080C9-3818-43D4-9485-9C9EAED4E601}.Debug|Any CPU.Build.0 = Debug|Any CPU
		{4B8080C9-3818-43D4-9485-9C9EAED4E601}.Release|Any CPU.ActiveCfg = Release|Any CPU
		{4B8080C9-3818-43D4-9485-9C9EAED4E601}.Release|Any CPU.Build.0 = Release|Any CPU
	EndGlobalSection
EndGlobal
